
Microsoft Visual Studio Solution File, Format Version 12.00
# Visual Studio Version 17
VisualStudioVersion = 17.0.31903.59
MinimumVisualStudioVersion = 10.0.40219.1
Project("{2150E333-8FDC-42A3-9474-1A3956D46DE8}") = "Core", "Core", "{FBF56CC3-7AE6-AD2D-3F14-7F97FD322CD6}"
EndProject
Project("{FAE04EC0-301F-11D3-BF4B-00C04F79EFBC}") = "ClearStay.Domain", "src\Core\ClearStay.Domain\ClearStay.Domain.csproj", "{00FAD917-F493-4D95-B7A6-3EAE539B0926}"
EndProject
Project("{FAE04EC0-301F-11D3-BF4B-00C04F79EFBC}") = "ClearStay.Application", "src\Core\ClearStay.Application\ClearStay.Application.csproj", "{7D1C8E12-0EF6-4348-BC27-2E7B5FA47600}"
EndProject
Project("{2150E333-8FDC-42A3-9474-1A3956D46DE8}") = "Infrastructure", "Infrastructure", "{DFEE68D8-A7D0-1A41-506C-9B74AA9A7B7B}"
EndProject
Project("{FAE04EC0-301F-11D3-BF4B-00C04F79EFBC}") = "ClearStay.Infrastructure", "src\Infrastructure\ClearStay.Infrastructure\ClearStay.Infrastructure.csproj", "{266FD49B-7CDB-4380-9EBB-BF0287F51990}"
EndProject
Project("{2150E333-8FDC-42A3-9474-1A3956D46DE8}") = "Presentation", "Presentation", "{06CFFD70-14AA-A959-A3BA-1B15D094E3B1}"
EndProject
Project("{FAE04EC0-301F-11D3-BF4B-00C04F79EFBC}") = "ClearStay.WebApi", "src\Presentation\ClearStay.WebApi\ClearStay.WebApi.csproj", "{C2201C27-81B9-4FA6-83FA-C8833B5CE5D3}"
EndProject
Global
	GlobalSection(SolutionConfigurationPlatforms) = preSolution
		Debug|Any CPU = Debug|Any CPU
		Debug|x64 = Debug|x64
		Debug|x86 = Debug|x86
		Release|Any CPU = Release|Any CPU
		Release|x64 = Release|x64
		Release|x86 = Release|x86
	EndGlobalSection
	GlobalSection(ProjectConfigurationPlatforms) = postSolution
		{00FAD917-F493-4D95-B7A6-3EAE539B0926}.Debug|Any CPU.ActiveCfg = Debug|Any CPU
		{00FAD917-F493-4D95-B7A6-3EAE539B0926}.Debug|Any CPU.Build.0 = Debug|Any CPU
		{00FAD917-F493-4D95-B7A6-3EAE539B0926}.Debug|x64.ActiveCfg = Debug|Any CPU
		{00FAD917-F493-4D95-B7A6-3EAE539B0926}.Debug|x64.Build.0 = Debug|Any CPU
		{00FAD917-F493-4D95-B7A6-3EAE539B0926}.Debug|x86.ActiveCfg = Debug|Any CPU
		{00FAD917-F493-4D95-B7A6-3EAE539B0926}.Debug|x86.Build.0 = Debug|Any CPU
		{00FAD917-F493-4D95-B7A6-3EAE539B0926}.Release|Any CPU.ActiveCfg = Release|Any CPU
		{00FAD917-F493-4D95-B7A6-3EAE539B0926}.Release|Any CPU.Build.0 = Release|Any CPU
		{00FAD917-F493-4D95-B7A6-3EAE539B0926}.Release|x64.ActiveCfg = Release|Any CPU
		{00FAD917-F493-4D95-B7A6-3EAE539B0926}.Release|x64.Build.0 = Release|Any CPU
		{00FAD917-F493-4D95-B7A6-3EAE539B0926}.Release|x86.ActiveCfg = Release|Any CPU
		{00FAD917-F493-4D95-B7A6-3EAE539B0926}.Release|x86.Build.0 = Release|Any CPU
		{7D1C8E12-0EF6-4348-BC27-2E7B5FA47600}.Debug|Any CPU.ActiveCfg = Debug|Any CPU
		{7D1C8E12-0EF6-4348-BC27-2E7B5FA47600}.Debug|Any CPU.Build.0 = Debug|Any CPU
		{7D1C8E12-0EF6-4348-BC27-2E7B5FA47600}.Debug|x64.ActiveCfg = Debug|Any CPU
		{7D1C8E12-0EF6-4348-BC27-2E7B5FA47600}.Debug|x64.Build.0 = Debug|Any CPU
		{7D1C8E12-0EF6-4348-BC27-2E7B5FA47600}.Debug|x86.ActiveCfg = Debug|Any CPU
		{7D1C8E12-0EF6-4348-BC27-2E7B5FA47600}.Debug|x86.Build.0 = Debug|Any CPU
		{7D1C8E12-0EF6-4348-BC27-2E7B5FA47600}.Release|Any CPU.ActiveCfg = Release|Any CPU
		{7D1C8E12-0EF6-4348-BC27-2E7B5FA47600}.Release|Any CPU.Build.0 = Release|Any CPU
		{7D1C8E12-0EF6-4348-BC27-2E7B5FA47600}.Release|x64.ActiveCfg = Release|Any CPU
		{7D1C8E12-0EF6-4348-BC27-2E7B5FA47600}.Release|x64.Build.0 = Release|Any CPU
		{7D1C8E12-0EF6-4348-BC27-2E7B5FA47600}.Release|x86.ActiveCfg = Release|Any CPU
		{7D1C8E12-0EF6-4348-BC27-2E7B5FA47600}.Release|x86.Build.0 = Release|Any CPU
		{266FD49B-7CDB-4380-9EBB-BF0287F51990}.Debug|Any CPU.ActiveCfg = Debug|Any CPU
		{266FD49B-7CDB-4380-9EBB-BF0287F51990}.Debug|Any CPU.Build.0 = Debug|Any CPU
		{266FD49B-7CDB-4380-9EBB-BF0287F51990}.Debug|x64.ActiveCfg = Debug|Any CPU
		{266FD49B-7CDB-4380-9EBB-BF0287F51990}.Debug|x64.Build.0 = Debug|Any CPU
		{266FD49B-7CDB-4380-9EBB-BF0287F51990}.Debug|x86.ActiveCfg = Debug|Any CPU
		{266FD49B-7CDB-4380-9EBB-BF0287F51990}.Debug|x86.Build.0 = Debug|Any CPU
		{266FD49B-7CDB-4380-9EBB-BF0287F51990}.Release|Any CPU.ActiveCfg = Release|Any CPU
		{266FD49B-7CDB-4380-9EBB-BF0287F51990}.Release|Any CPU.Build.0 = Release|Any CPU
		{266FD49B-7CDB-4380-9EBB-BF0287F51990}.Release|x64.ActiveCfg = Release|Any CPU
		{266FD49B-7CDB-4380-9EBB-BF0287F51990}.Release|x64.Build.0 = Release|Any CPU
		{266FD49B-7CDB-4380-9EBB-BF0287F51990}.Release|x86.ActiveCfg = Release|Any CPU
		{266FD49B-7CDB-4380-9EBB-BF0287F51990}.Release|x86.Build.0 = Release|Any CPU
		{C2201C27-81B9-4FA6-83FA-C8833B5CE5D3}.Debug|Any CPU.ActiveCfg = Debug|Any CPU
		{C2201C27-81B9-4FA6-83FA-C8833B5CE5D3}.Debug|Any CPU.Build.0 = Debug|Any CPU
		{C2201C27-81B9-4FA6-83FA-C8833B5CE5D3}.Debug|x64.ActiveCfg = Debug|Any CPU
		{C2201C27-81B9-4FA6-83FA-C8833B5CE5D3}.Debug|x64.Build.0 = Debug|Any CPU
		{C2201C27-81B9-4FA6-83FA-C8833B5CE5D3}.Debug|x86.ActiveCfg = Debug|Any CPU
		{C2201C27-81B9-4FA6-83FA-C8833B5CE5D3}.Debug|x86.Build.0 = Debug|Any CPU
		{C2201C27-81B9-4FA6-83FA-C8833B5CE5D3}.Release|Any CPU.ActiveCfg = Release|Any CPU
		{C2201C27-81B9-4FA6-83FA-C8833B5CE5D3}.Release|Any CPU.Build.0 = Release|Any CPU
		{C2201C27-81B9-4FA6-83FA-C8833B5CE5D3}.Release|x64.ActiveCfg = Release|Any CPU
		{C2201C27-81B9-4FA6-83FA-C8833B5CE5D3}.Release|x64.Build.0 = Release|Any CPU
		{C2201C27-81B9-4FA6-83FA-C8833B5CE5D3}.Release|x86.ActiveCfg = Release|Any CPU
		{C2201C27-81B9-4FA6-83FA-C8833B5CE5D3}.Release|x86.Build.0 = Release|Any CPU
	EndGlobalSection
	GlobalSection(SolutionProperties) = preSolution
		HideSolutionNode = FALSE
	EndGlobalSection
	GlobalSection(NestedProjects) = preSolution
		{00FAD917-F493-4D95-B7A6-3EAE539B0926} = {FBF56CC3-7AE6-AD2D-3F14-7F97FD322CD6}
		{7D1C8E12-0EF6-4348-BC27-2E7B5FA47600} = {FBF56CC3-7AE6-AD2D-3F14-7F97FD322CD6}
		{266FD49B-7CDB-4380-9EBB-BF0287F51990} = {DFEE68D8-A7D0-1A41-506C-9B74AA9A7B7B}
		{C2201C27-81B9-4FA6-83FA-C8833B5CE5D3} = {06CFFD70-14AA-A959-A3BA-1B15D094E3B1}
	EndGlobalSection
	GlobalSection(ExtensibilityGlobals) = postSolution
		SolutionGuid = {B4E091C1-10D7-4511-8814-B6E2CA4C6EEF}
	EndGlobalSection
EndGlobal
